// !$*UTF8*$!
{
	archiveVersion = 1;
	classes = {
	};
	objectVersion = 50;
	objects = {

/* Begin PBXBuildFile section */
		B32CA3CA2B069DB100A04803 /* TituloView.swift in Sources */ = {isa = PBXBuildFile; fileRef = B32CA3C92B069DB100A04803 /* TituloView.swift */; };
		B34443CC2B052B1700D8241B /* Questions.swift in Sources */ = {isa = PBXBuildFile; fileRef = B34443CB2B052B1700D8241B /* Questions.swift */; };
		B34443CE2B052E6D00D8241B /* QuizController.swift in Sources */ = {isa = PBXBuildFile; fileRef = B34443CD2B052E6D00D8241B /* QuizController.swift */; };
		B347D0F92B051BBD00219DED /* ResultView.swift in Sources */ = {isa = PBXBuildFile; fileRef = B347D0F82B051BBD00219DED /* ResultView.swift */; };
		B3A8256A2B25819F00AE26FC /* HomeView.swift in Sources */ = {isa = PBXBuildFile; fileRef = B3A825692B25819F00AE26FC /* HomeView.swift */; };
		B3ABACAB2B0456F00096604C /* EP3_PRACTICEApp.swift in Sources */ = {isa = PBXBuildFile; fileRef = B3ABACAA2B0456F00096604C /* EP3_PRACTICEApp.swift */; };
		B3ABACAD2B0456F00096604C /* ContentView.swift in Sources */ = {isa = PBXBuildFile; fileRef = B3ABACAC2B0456F00096604C /* ContentView.swift */; };
		B3ABACAF2B0456F10096604C /* Assets.xcassets in Resources */ = {isa = PBXBuildFile; fileRef = B3ABACAE2B0456F10096604C /* Assets.xcassets */; };
		B3ABACB22B0456F10096604C /* Preview Assets.xcassets in Resources */ = {isa = PBXBuildFile; fileRef = B3ABACB12B0456F10096604C /* Preview Assets.xcassets */; };
		B3ABACBA2B0457BD0096604C /* QuestionView.swift in Sources */ = {isa = PBXBuildFile; fileRef = B3ABACB92B0457BD0096604C /* QuestionView.swift */; };
		B3CF9DF42B216B010089CB8A /* NetworkManager.swift in Sources */ = {isa = PBXBuildFile; fileRef = B3CF9DF32B216B010089CB8A /* NetworkManager.swift */; };
		B3CF9DF62B2228850089CB8A /* Extensions.swift in Sources */ = {isa = PBXBuildFile; fileRef = B3CF9DF52B2228850089CB8A /* Extensions.swift */; };
		B3D8E9842B24DA9500532B3A /* ResultsModel.xcdatamodeld in Sources */ = {isa = PBXBuildFile; fileRef = B3D8E9822B24DA9500532B3A /* ResultsModel.xcdatamodeld */; };
		B3D8E9862B24DB6A00532B3A /* ResultDataController.swift in Sources */ = {isa = PBXBuildFile; fileRef = B3D8E9852B24DB6A00532B3A /* ResultDataController.swift */; };
		B3D8E9882B24E65A00532B3A /* RankingsView.swift in Sources */ = {isa = PBXBuildFile; fileRef = B3D8E9872B24E65A00532B3A /* RankingsView.swift */; };
		FB3509D92B056FE2007D4D50 /* ProgressBarView.swift in Sources */ = {isa = PBXBuildFile; fileRef = FB3509D82B056FE2007D4D50 /* ProgressBarView.swift */; };
/* End PBXBuildFile section */

/* Begin PBXFileReference section */
		B32CA3C92B069DB100A04803 /* TituloView.swift */ = {isa = PBXFileReference; lastKnownFileType = sourcecode.swift; path = TituloView.swift; sourceTree = "<group>"; };
		B34443CB2B052B1700D8241B /* Questions.swift */ = {isa = PBXFileReference; lastKnownFileType = sourcecode.swift; path = Questions.swift; sourceTree = "<group>"; };
		B34443CD2B052E6D00D8241B /* QuizController.swift */ = {isa = PBXFileReference; lastKnownFileType = sourcecode.swift; path = QuizController.swift; sourceTree = "<group>"; };
		B347D0F82B051BBD00219DED /* ResultView.swift */ = {isa = PBXFileReference; lastKnownFileType = sourcecode.swift; path = ResultView.swift; sourceTree = "<group>"; };
		B3A825692B25819F00AE26FC /* HomeView.swift */ = {isa = PBXFileReference; lastKnownFileType = sourcecode.swift; path = HomeView.swift; sourceTree = "<group>"; };
		B3ABACA72B0456F00096604C /* EP3_PRACTICE.app */ = {isa = PBXFileReference; explicitFileType = wrapper.application; includeInIndex = 0; path = EP3_PRACTICE.app; sourceTree = BUILT_PRODUCTS_DIR; };
		B3ABACAA2B0456F00096604C /* EP3_PRACTICEApp.swift */ = {isa = PBXFileReference; lastKnownFileType = sourcecode.swift; path = EP3_PRACTICEApp.swift; sourceTree = "<group>"; };
		B3ABACAC2B0456F00096604C /* ContentView.swift */ = {isa = PBXFileReference; lastKnownFileType = sourcecode.swift; path = ContentView.swift; sourceTree = "<group>"; };
		B3ABACAE2B0456F10096604C /* Assets.xcassets */ = {isa = PBXFileReference; lastKnownFileType = folder.assetcatalog; path = Assets.xcassets; sourceTree = "<group>"; };
		B3ABACB12B0456F10096604C /* Preview Assets.xcassets */ = {isa = PBXFileReference; lastKnownFileType = folder.assetcatalog; path = "Preview Assets.xcassets"; sourceTree = "<group>"; };
		B3ABACB32B0456F10096604C /* Info.plist */ = {isa = PBXFileReference; lastKnownFileType = text.plist.xml; path = Info.plist; sourceTree = "<group>"; };
		B3ABACB92B0457BD0096604C /* QuestionView.swift */ = {isa = PBXFileReference; lastKnownFileType = sourcecode.swift; path = QuestionView.swift; sourceTree = "<group>"; };
		B3CF9DF32B216B010089CB8A /* NetworkManager.swift */ = {isa = PBXFileReference; lastKnownFileType = sourcecode.swift; path = NetworkManager.swift; sourceTree = "<group>"; };
		B3CF9DF52B2228850089CB8A /* Extensions.swift */ = {isa = PBXFileReference; lastKnownFileType = sourcecode.swift; path = Extensions.swift; sourceTree = "<group>"; };
		B3D8E9832B24DA9500532B3A /* ResultsModel.xcdatamodel */ = {isa = PBXFileReference; lastKnownFileType = wrapper.xcdatamodel; path = ResultsModel.xcdatamodel; sourceTree = "<group>"; };
		B3D8E9852B24DB6A00532B3A /* ResultDataController.swift */ = {isa = PBXFileReference; lastKnownFileType = sourcecode.swift; path = ResultDataController.swift; sourceTree = "<group>"; };
		B3D8E9872B24E65A00532B3A /* RankingsView.swift */ = {isa = PBXFileReference; lastKnownFileType = sourcecode.swift; path = RankingsView.swift; sourceTree = "<group>"; };
		FB3509D82B056FE2007D4D50 /* ProgressBarView.swift */ = {isa = PBXFileReference; lastKnownFileType = sourcecode.swift; path = ProgressBarView.swift; sourceTree = "<group>"; };
/* End PBXFileReference section */

/* Begin PBXFrameworksBuildPhase section */
		B3ABACA42B0456F00096604C /* Frameworks */ = {
			isa = PBXFrameworksBuildPhase;
			buildActionMask = 2147483647;
			files = (
			);
			runOnlyForDeploymentPostprocessing = 0;
		};
/* End PBXFrameworksBuildPhase section */

/* Begin PBXGroup section */
		B34443C92B052A6800D8241B /* Views */ = {
			isa = PBXGroup;
			children = (
				B3ABACB92B0457BD0096604C /* QuestionView.swift */,
				B347D0F82B051BBD00219DED /* ResultView.swift */,
				B3ABACAC2B0456F00096604C /* ContentView.swift */,
				FB3509D82B056FE2007D4D50 /* ProgressBarView.swift */,
				B32CA3C92B069DB100A04803 /* TituloView.swift */,
				B3D8E9872B24E65A00532B3A /* RankingsView.swift */,
				B3A825692B25819F00AE26FC /* HomeView.swift */,
			);
			path = Views;
			sourceTree = "<group>";
		};
		B34443CA2B052AD100D8241B /* Models */ = {
			isa = PBXGroup;
			children = (
				B34443CB2B052B1700D8241B /* Questions.swift */,
				B3CF9DF32B216B010089CB8A /* NetworkManager.swift */,
			);
			path = Models;
			sourceTree = "<group>";
		};
		B34443CF2B052E7200D8241B /* Controllers */ = {
			isa = PBXGroup;
			children = (
				B34443CD2B052E6D00D8241B /* QuizController.swift */,
				B3CF9DF52B2228850089CB8A /* Extensions.swift */,
			);
			path = Controllers;
			sourceTree = "<group>";
		};
		B3ABAC9E2B0456F00096604C = {
			isa = PBXGroup;
			children = (
				B3ABACA92B0456F00096604C /* EP3_PRACTICE */,
				B3ABACA82B0456F00096604C /* Products */,
			);
			sourceTree = "<group>";
		};
		B3ABACA82B0456F00096604C /* Products */ = {
			isa = PBXGroup;
			children = (
				B3ABACA72B0456F00096604C /* EP3_PRACTICE.app */,
			);
			name = Products;
			sourceTree = "<group>";
		};
		B3ABACA92B0456F00096604C /* EP3_PRACTICE */ = {
			isa = PBXGroup;
			children = (
				B3D8E9812B24DA1F00532B3A /* Data */,
				B34443CF2B052E7200D8241B /* Controllers */,
				B34443CA2B052AD100D8241B /* Models */,
				B34443C92B052A6800D8241B /* Views */,
				B3ABACAA2B0456F00096604C /* EP3_PRACTICEApp.swift */,
				B3ABACAE2B0456F10096604C /* Assets.xcassets */,
				B3ABACB32B0456F10096604C /* Info.plist */,
				B3ABACB02B0456F10096604C /* Preview Content */,
			);
			path = EP3_PRACTICE;
			sourceTree = "<group>";
		};
		B3ABACB02B0456F10096604C /* Preview Content */ = {
			isa = PBXGroup;
			children = (
				B3ABACB12B0456F10096604C /* Preview Assets.xcassets */,
			);
			path = "Preview Content";
			sourceTree = "<group>";
		};
		B3D8E9812B24DA1F00532B3A /* Data */ = {
			isa = PBXGroup;
			children = (
				B3D8E9822B24DA9500532B3A /* ResultsModel.xcdatamodeld */,
				B3D8E9852B24DB6A00532B3A /* ResultDataController.swift */,
			);
			path = Data;
			sourceTree = "<group>";
		};
/* End PBXGroup section */

/* Begin PBXNativeTarget section */
		B3ABACA62B0456F00096604C /* EP3_PRACTICE */ = {
			isa = PBXNativeTarget;
			buildConfigurationList = B3ABACB62B0456F10096604C /* Build configuration list for PBXNativeTarget "EP3_PRACTICE" */;
			buildPhases = (
				B3ABACA32B0456F00096604C /* Sources */,
				B3ABACA42B0456F00096604C /* Frameworks */,
				B3ABACA52B0456F00096604C /* Resources */,
			);
			buildRules = (
			);
			dependencies = (
			);
			name = EP3_PRACTICE;
			productName = EP3_PRACTICE;
			productReference = B3ABACA72B0456F00096604C /* EP3_PRACTICE.app */;
			productType = "com.apple.product-type.application";
		};
/* End PBXNativeTarget section */

/* Begin PBXProject section */
		B3ABAC9F2B0456F00096604C /* Project object */ = {
			isa = PBXProject;
			attributes = {
				LastSwiftUpdateCheck = 1250;
				LastUpgradeCheck = 1250;
				TargetAttributes = {
					B3ABACA62B0456F00096604C = {
						CreatedOnToolsVersion = 12.5.1;
					};
				};
			};
			buildConfigurationList = B3ABACA22B0456F00096604C /* Build configuration list for PBXProject "EP3_PRACTICE" */;
			compatibilityVersion = "Xcode 9.3";
			developmentRegion = en;
			hasScannedForEncodings = 0;
			knownRegions = (
				en,
				Base,
			);
			mainGroup = B3ABAC9E2B0456F00096604C;
			productRefGroup = B3ABACA82B0456F00096604C /* Products */;
			projectDirPath = "";
			projectRoot = "";
			targets = (
				B3ABACA62B0456F00096604C /* EP3_PRACTICE */,
			);
		};
/* End PBXProject section */

/* Begin PBXResourcesBuildPhase section */
		B3ABACA52B0456F00096604C /* Resources */ = {
			isa = PBXResourcesBuildPhase;
			buildActionMask = 2147483647;
			files = (
				B3ABACB22B0456F10096604C /* Preview Assets.xcassets in Resources */,
				B3ABACAF2B0456F10096604C /* Assets.xcassets in Resources */,
			);
			runOnlyForDeploymentPostprocessing = 0;
		};
/* End PBXResourcesBuildPhase section */

/* Begin PBXSourcesBuildPhase section */
		B3ABACA32B0456F00096604C /* Sources */ = {
			isa = PBXSourcesBuildPhase;
			buildActionMask = 2147483647;
			files = (
				B3D8E9842B24DA9500532B3A /* ResultsModel.xcdatamodeld in Sources */,
				B3A8256A2B25819F00AE26FC /* HomeView.swift in Sources */,
				B3CF9DF42B216B010089CB8A /* NetworkManager.swift in Sources */,
				B3ABACAD2B0456F00096604C /* ContentView.swift in Sources */,
				B347D0F92B051BBD00219DED /* ResultView.swift in Sources */,
				B34443CE2B052E6D00D8241B /* QuizController.swift in Sources */,
				B3ABACBA2B0457BD0096604C /* QuestionView.swift in Sources */,
				B3CF9DF62B2228850089CB8A /* Extensions.swift in Sources */,
				B3ABACAB2B0456F00096604C /* EP3_PRACTICEApp.swift in Sources */,
				B34443CC2B052B1700D8241B /* Questions.swift in Sources */,
				B3D8E9882B24E65A00532B3A /* RankingsView.swift in Sources */,
				FB3509D92B056FE2007D4D50 /* ProgressBarView.swift in Sources */,
				B3D8E9862B24DB6A00532B3A /* ResultDataController.swift in Sources */,
				B32CA3CA2B069DB100A04803 /* TituloView.swift in Sources */,
			);
			runOnlyForDeploymentPostprocessing = 0;
		};
/* End PBXSourcesBuildPhase section */

/* Begin XCBuildConfiguration section */
		B3ABACB42B0456F10096604C /* Debug */ = {
			isa = XCBuildConfiguration;
			buildSettings = {
				ALWAYS_SEARCH_USER_PATHS = NO;
				CLANG_ANALYZER_NONNULL = YES;
				CLANG_ANALYZER_NUMBER_OBJECT_CONVERSION = YES_AGGRESSIVE;
				CLANG_CXX_LANGUAGE_STANDARD = "gnu++14";
				CLANG_CXX_LIBRARY = "libc++";
				CLANG_ENABLE_MODULES = YES;
				CLANG_ENABLE_OBJC_ARC = YES;
				CLANG_ENABLE_OBJC_WEAK = YES;
				CLANG_WARN_BLOCK_CAPTURE_AUTORELEASING = YES;
				CLANG_WARN_BOOL_CONVERSION = YES;
				CLANG_WARN_COMMA = YES;
				CLANG_WARN_CONSTANT_CONVERSION = YES;
				CLANG_WARN_DEPRECATED_OBJC_IMPLEMENTATIONS = YES;
				CLANG_WARN_DIRECT_OBJC_ISA_USAGE = YES_ERROR;
				CLANG_WARN_DOCUMENTATION_COMMENTS = YES;
				CLANG_WARN_EMPTY_BODY = YES;
				CLANG_WARN_ENUM_CONVERSION = YES;
				CLANG_WARN_INFINITE_RECURSION = YES;
				CLANG_WARN_INT_CONVERSION = YES;
				CLANG_WARN_NON_LITERAL_NULL_CONVERSION = YES;
				CLANG_WARN_OBJC_IMPLICIT_RETAIN_SELF = YES;
				CLANG_WARN_OBJC_LITERAL_CONVERSION = YES;
				CLANG_WARN_OBJC_ROOT_CLASS = YES_ERROR;
				CLANG_WARN_QUOTED_INCLUDE_IN_FRAMEWORK_HEADER = YES;
				CLANG_WARN_RANGE_LOOP_ANALYSIS = YES;
				CLANG_WARN_STRICT_PROTOTYPES = YES;
				CLANG_WARN_SUSPICIOUS_MOVE = YES;
				CLANG_WARN_UNGUARDED_AVAILABILITY = YES_AGGRESSIVE;
				CLANG_WARN_UNREACHABLE_CODE = YES;
				CLANG_WARN__DUPLICATE_METHOD_MATCH = YES;
				COPY_PHASE_STRIP = NO;
				DEBUG_INFORMATION_FORMAT = dwarf;
				ENABLE_STRICT_OBJC_MSGSEND = YES;
				ENABLE_TESTABILITY = YES;
				GCC_C_LANGUAGE_STANDARD = gnu11;
				GCC_DYNAMIC_NO_PIC = NO;
				GCC_NO_COMMON_BLOCKS = YES;
				GCC_OPTIMIZATION_LEVEL = 0;
				GCC_PREPROCESSOR_DEFINITIONS = (
					"DEBUG=1",
					"$(inherited)",
				);
				GCC_WARN_64_TO_32_BIT_CONVERSION = YES;
				GCC_WARN_ABOUT_RETURN_TYPE = YES_ERROR;
				GCC_WARN_UNDECLARED_SELECTOR = YES;
				GCC_WARN_UNINITIALIZED_AUTOS = YES_AGGRESSIVE;
				GCC_WARN_UNUSED_FUNCTION = YES;
				GCC_WARN_UNUSED_VARIABLE = YES;
				IPHONEOS_DEPLOYMENT_TARGET = 14.5;
				MTL_ENABLE_DEBUG_INFO = INCLUDE_SOURCE;
				MTL_FAST_MATH = YES;
				ONLY_ACTIVE_ARCH = YES;
				SDKROOT = iphoneos;
				SWIFT_ACTIVE_COMPILATION_CONDITIONS = DEBUG;
				SWIFT_OPTIMIZATION_LEVEL = "-Onone";
			};
			name = Debug;
		};
		B3ABACB52B0456F10096604C /* Release */ = {
			isa = XCBuildConfiguration;
			buildSettings = {
				ALWAYS_SEARCH_USER_PATHS = NO;
				CLANG_ANALYZER_NONNULL = YES;
				CLANG_ANALYZER_NUMBER_OBJECT_CONVERSION = YES_AGGRESSIVE;
				CLANG_CXX_LANGUAGE_STANDARD = "gnu++14";
				CLANG_CXX_LIBRARY = "libc++";
				CLANG_ENABLE_MODULES = YES;
				CLANG_ENABLE_OBJC_ARC = YES;
				CLANG_ENABLE_OBJC_WEAK = YES;
				CLANG_WARN_BLOCK_CAPTURE_AUTORELEASING = YES;
				CLANG_WARN_BOOL_CONVERSION = YES;
				CLANG_WARN_COMMA = YES;
				CLANG_WARN_CONSTANT_CONVERSION = YES;
				CLANG_WARN_DEPRECATED_OBJC_IMPLEMENTATIONS = YES;
				CLANG_WARN_DIRECT_OBJC_ISA_USAGE = YES_ERROR;
				CLANG_WARN_DOCUMENTATION_COMMENTS = YES;
				CLANG_WARN_EMPTY_BODY = YES;
				CLANG_WARN_ENUM_CONVERSION = YES;
				CLANG_WARN_INFINITE_RECURSION = YES;
				CLANG_WARN_INT_CONVERSION = YES;
				CLANG_WARN_NON_LITERAL_NULL_CONVERSION = YES;
				CLANG_WARN_OBJC_IMPLICIT_RETAIN_SELF = YES;
				CLANG_WARN_OBJC_LITERAL_CONVERSION = YES;
				CLANG_WARN_OBJC_ROOT_CLASS = YES_ERROR;
				CLANG_WARN_QUOTED_INCLUDE_IN_FRAMEWORK_HEADER = YES;
				CLANG_WARN_RANGE_LOOP_ANALYSIS = YES;
				CLANG_WARN_STRICT_PROTOTYPES = YES;
				CLANG_WARN_SUSPICIOUS_MOVE = YES;
				CLANG_WARN_UNGUARDED_AVAILABILITY = YES_AGGRESSIVE;
				CLANG_WARN_UNREACHABLE_CODE = YES;
				CLANG_WARN__DUPLICATE_METHOD_MATCH = YES;
				COPY_PHASE_STRIP = NO;
				DEBUG_INFORMATION_FORMAT = "dwarf-with-dsym";
				ENABLE_NS_ASSERTIONS = NO;
				ENABLE_STRICT_OBJC_MSGSEND = YES;
				GCC_C_LANGUAGE_STANDARD = gnu11;
				GCC_NO_COMMON_BLOCKS = YES;
				GCC_WARN_64_TO_32_BIT_CONVERSION = YES;
				GCC_WARN_ABOUT_RETURN_TYPE = YES_ERROR;
				GCC_WARN_UNDECLARED_SELECTOR = YES;
				GCC_WARN_UNINITIALIZED_AUTOS = YES_AGGRESSIVE;
				GCC_WARN_UNUSED_FUNCTION = YES;
				GCC_WARN_UNUSED_VARIABLE = YES;
				IPHONEOS_DEPLOYMENT_TARGET = 14.5;
				MTL_ENABLE_DEBUG_INFO = NO;
				MTL_FAST_MATH = YES;
				SDKROOT = iphoneos;
				SWIFT_COMPILATION_MODE = wholemodule;
				SWIFT_OPTIMIZATION_LEVEL = "-O";
				VALIDATE_PRODUCT = YES;
			};
			name = Release;
		};
		B3ABACB72B0456F10096604C /* Debug */ = {
			isa = XCBuildConfiguration;
			buildSettings = {
				ASSETCATALOG_COMPILER_APPICON_NAME = AppIcon;
				ASSETCATALOG_COMPILER_GLOBAL_ACCENT_COLOR_NAME = AccentColor;
				CODE_SIGN_STYLE = Automatic;
				DEVELOPMENT_ASSET_PATHS = "\"EP3_PRACTICE/Preview Content\"";
				ENABLE_PREVIEWS = YES;
				INFOPLIST_FILE = EP3_PRACTICE/Info.plist;
				IPHONEOS_DEPLOYMENT_TARGET = 14.0;
				LD_RUNPATH_SEARCH_PATHS = (
					"$(inherited)",
					"@executable_path/Frameworks",
				);
				PRODUCT_BUNDLE_IDENTIFIER = "com.ga.EP3-PRACTICE";
				PRODUCT_NAME = "$(TARGET_NAME)";
				SWIFT_VERSION = 5.0;
				TARGETED_DEVICE_FAMILY = "1,2";
			};
			name = Debug;
		};
		B3ABACB82B0456F10096604C /* Release */ = {
			isa = XCBuildConfiguration;
			buildSettings = {
				ASSETCATALOG_COMPILER_APPICON_NAME = AppIcon;
				ASSETCATALOG_COMPILER_GLOBAL_ACCENT_COLOR_NAME = AccentColor;
				CODE_SIGN_STYLE = Automatic;
				DEVELOPMENT_ASSET_PATHS = "\"EP3_PRACTICE/Preview Content\"";
				ENABLE_PREVIEWS = YES;
				INFOPLIST_FILE = EP3_PRACTICE/Info.plist;
				IPHONEOS_DEPLOYMENT_TARGET = 14.0;
				LD_RUNPATH_SEARCH_PATHS = (
					"$(inherited)",
					"@executable_path/Frameworks",
				);
				PRODUCT_BUNDLE_IDENTIFIER = "com.ga.EP3-PRACTICE";
				PRODUCT_NAME = "$(TARGET_NAME)";
				SWIFT_VERSION = 5.0;
				TARGETED_DEVICE_FAMILY = "1,2";
			};
			name = Release;
		};
/* End XCBuildConfiguration section */

/* Begin XCConfigurationList section */
		B3ABACA22B0456F00096604C /* Build configuration list for PBXProject "EP3_PRACTICE" */ = {
			isa = XCConfigurationList;
			buildConfigurations = (
				B3ABACB42B0456F10096604C /* Debug */,
				B3ABACB52B0456F10096604C /* Release */,
			);
			defaultConfigurationIsVisible = 0;
			defaultConfigurationName = Release;
		};
		B3ABACB62B0456F10096604C /* Build configuration list for PBXNativeTarget "EP3_PRACTICE" */ = {
			isa = XCConfigurationList;
			buildConfigurations = (
				B3ABACB72B0456F10096604C /* Debug */,
				B3ABACB82B0456F10096604C /* Release */,
			);
			defaultConfigurationIsVisible = 0;
			defaultConfigurationName = Release;
		};
/* End XCConfigurationList section */

/* Begin XCVersionGroup section */
		B3D8E9822B24DA9500532B3A /* ResultsModel.xcdatamodeld */ = {
			isa = XCVersionGroup;
			children = (
				B3D8E9832B24DA9500532B3A /* ResultsModel.xcdatamodel */,
			);
			currentVersion = B3D8E9832B24DA9500532B3A /* ResultsModel.xcdatamodel */;
			path = ResultsModel.xcdatamodeld;
			sourceTree = "<group>";
			versionGroupType = wrapper.xcdatamodel;
		};
/* End XCVersionGroup section */
	};
	rootObject = B3ABAC9F2B0456F00096604C /* Project object */;
}
